{
  "lockfile_version": "1",
  "packages": {
    "ferdium@latest": {
      "last_modified": "2025-03-23T05:31:05Z",
      "resolved": "github:NixOS/nixpkgs/dd613136ee91f67e5dba3f3f41ac99ae89c5406b#ferdium",
      "source": "devbox-search",
      "version": "7.0.0",
      "systems": {
        "aarch64-linux": {
          "outputs": [
            {
              "name": "out",
              "path": "/nix/store/4n73877a5xbzl2kvfplibdf79rd8masc-ferdium-7.0.0",
              "default": true
            }
          ],
          "store_path": "/nix/store/4n73877a5xbzl2kvfplibdf79rd8masc-ferdium-7.0.0"
        },
        "x86_64-linux": {
          "outputs": [
            {
              "name": "out",
              "path": "/nix/store/sk7kk42nj1142qx2qakrw5j1x0ffqcsj-ferdium-7.0.0",
              "default": true
            }
          ],
          "store_path": "/nix/store/sk7kk42nj1142qx2qakrw5j1x0ffqcsj-ferdium-7.0.0"
        }
      }
    },
    "heroic@latest": {
      "last_modified": "2025-04-12T07:19:22Z",
      "resolved": "github:NixOS/nixpkgs/2349f9de17183971db12ae9e0123dab132023bd7#heroic",
      "source": "devbox-search",
      "version": "2.16.1",
      "systems": {
        "x86_64-linux": {
          "outputs": [
            {
              "name": "out",
              "path": "/nix/store/8jp2yd3w31qqjm6ganvb64vzxpsnskl8-heroic-2.16.1",
              "default": true
            }
          ],
          "store_path": "/nix/store/8jp2yd3w31qqjm6ganvb64vzxpsnskl8-heroic-2.16.1"
        }
      }
    },
    "virt-manager@latest": {
      "last_modified": "2025-04-11T04:58:38Z",
      "resolved": "github:NixOS/nixpkgs/642c54c23609fefb5708b0e2be261446c59138f6#virt-manager",
      "source": "devbox-search",
      "version": "5.0.0",
      "systems": {
        "aarch64-darwin": {
          "outputs": [
            {
              "name": "out",
              "path": "/nix/store/skxk9kzg7pkdyrbfpqk09qzg9nm9w5jv-virt-manager-5.0.0",
              "default": true
            }
          ],
          "store_path": "/nix/store/skxk9kzg7pkdyrbfpqk09qzg9nm9w5jv-virt-manager-5.0.0"
        },
        "aarch64-linux": {
          "outputs": [
            {
              "name": "out",
              "path": "/nix/store/0s7g0jn3m5lq8nkmf08by634p469dv90-virt-manager-5.0.0",
              "default": true
            }
          ],
          "store_path": "/nix/store/0s7g0jn3m5lq8nkmf08by634p469dv90-virt-manager-5.0.0"
        },
        "x86_64-darwin": {
          "outputs": [
            {
              "name": "out",
              "path": "/nix/store/wscpxgfwwrkv6rwh7zi4q93vn5wjnrdb-virt-manager-5.0.0",
              "default": true
            }
          ],
          "store_path": "/nix/store/wscpxgfwwrkv6rwh7zi4q93vn5wjnrdb-virt-manager-5.0.0"
        },
        "x86_64-linux": {
          "outputs": [
            {
              "name": "out",
              "path": "/nix/store/afszx7q3xzbgkd15866y6h5y2ad9jya3-virt-manager-5.0.0",
              "default": true
            }
          ],
          "store_path": "/nix/store/afszx7q3xzbgkd15866y6h5y2ad9jya3-virt-manager-5.0.0"
        }
      }
    },
    "vlc@latest": {
      "last_modified": "2025-03-23T05:31:05Z",
      "resolved": "github:NixOS/nixpkgs/dd613136ee91f67e5dba3f3f41ac99ae89c5406b#vlc",
      "source": "devbox-search",
      "version": "3.0.21",
      "systems": {
        "aarch64-linux": {
          "outputs": [
            {
              "name": "out",
              "path": "/nix/store/d8rjqhhn56k0m55dh49629wpvkh9b5n5-vlc-3.0.21",
              "default": true
            }
          ],
          "store_path": "/nix/store/d8rjqhhn56k0m55dh49629wpvkh9b5n5-vlc-3.0.21"
        },
        "x86_64-linux": {
          "outputs": [
            {
              "name": "out",
              "path": "/nix/store/56s9yvzgrvg822hsfqi7gr41knl8q0r0-vlc-3.0.21",
              "default": true
            }
          ],
          "store_path": "/nix/store/56s9yvzgrvg822hsfqi7gr41knl8q0r0-vlc-3.0.21"
        }
      }
    },
    "youtube-music@latest": {
      "last_modified": "2025-04-12T07:19:22Z",
      "resolved": "github:NixOS/nixpkgs/2349f9de17183971db12ae9e0123dab132023bd7#youtube-music",
      "source": "devbox-search",
      "version": "3.8.0",
      "systems": {
        "aarch64-darwin": {
          "outputs": [
            {
              "name": "out",
              "path": "/nix/store/2sd0k4hn1gcw61wnnis8r9gnlp9nv78p-youtube-music-3.8.0",
              "default": true
            }
          ],
          "store_path": "/nix/store/2sd0k4hn1gcw61wnnis8r9gnlp9nv78p-youtube-music-3.8.0"
        },
        "aarch64-linux": {
          "outputs": [
            {
              "name": "out",
              "path": "/nix/store/cjk63b2swg9jkvskfgvnpvwy5jzv70hk-youtube-music-3.8.0",
              "default": true
            }
          ],
          "store_path": "/nix/store/cjk63b2swg9jkvskfgvnpvwy5jzv70hk-youtube-music-3.8.0"
        },
        "x86_64-darwin": {
          "outputs": [
            {
              "name": "out",
              "path": "/nix/store/5630xk14dvq497igv2m6dczkdm1djg26-youtube-music-3.8.0",
              "default": true
            }
          ],
          "store_path": "/nix/store/5630xk14dvq497igv2m6dczkdm1djg26-youtube-music-3.8.0"
        },
        "x86_64-linux": {
          "outputs": [
            {
              "name": "out",
              "path": "/nix/store/xcjvmj55397c1n882y7fhnihq231y2z6-youtube-music-3.8.0",
              "default": true
            }
          ],
          "store_path": "/nix/store/xcjvmj55397c1n882y7fhnihq231y2z6-youtube-music-3.8.0"
        }
      }
    }
  }
}
